{
  "version": 4,
  "terraform_version": "1.4.6",
  "serial": 2796,
  "lineage": "a267791f-0a50-29ae-f493-f4798ebf6489",
  "outputs": {
    "devop_administrator_dns": {
      "value": "ec2-3-87-125-248.compute-1.amazonaws.com",
      "type": "string"
    },
    "devop_administrator_ip": {
      "value": "3.87.125.248",
      "type": "string"
    },
    "jenkin_web_link": {
      "value": "Check Web Site : ec2-34-227-227-149.compute-1.amazonaws.com:8080",
      "type": "string"
    },
    "jenkins_dns": {
      "value": "ec2-34-227-227-149.compute-1.amazonaws.com",
      "type": "string"
    },
    "jenkins_ip": {
      "value": "34.227.227.149",
      "type": "string"
    },
    "waf_ip": {
      "value": "54.242.135.59",
      "type": "string"
    },
    "waf_public_dns": {
      "value": "ec2-54-242-135-59.compute-1.amazonaws.com",
      "type": "string"
    },
    "webserver_dns": {
      "value": [
        "ec2-54-89-199-94.compute-1.amazonaws.com"
      ],
      "type": [
        "tuple",
        [
          "string"
        ]
      ]
    },
    "webserver_ip": {
      "value": [
        "54.89.199.94"
      ],
      "type": [
        "tuple",
        [
          "string"
        ]
      ]
    }
  },
  "resources": [
    {
      "mode": "data",
      "type": "aws_ami",
      "name": "server_ami_linux",
      "provider": "provider[\"registry.terraform.io/hashicorp/aws\"]",
      "instances": [
        {
          "schema_version": 0,
          "attributes": {
            "architecture": "x86_64",
            "arn": "arn:aws:ec2:us-east-1::image/ami-0481e8ba7f486bd99",
            "block_device_mappings": [
              {
                "device_name": "/dev/sda1",
                "ebs": {
                  "delete_on_termination": "true",
                  "encrypted": "false",
                  "iops": "0",
                  "snapshot_id": "snap-004726a10f3a1293e",
                  "throughput": "0",
                  "volume_size": "8",
                  "volume_type": "gp2"
                },
                "no_device": "",
                "virtual_name": ""
              },
              {
                "device_name": "/dev/sdb",
                "ebs": {},
                "no_device": "",
                "virtual_name": "ephemeral0"
              },
              {
                "device_name": "/dev/sdc",
                "ebs": {},
                "no_device": "",
                "virtual_name": "ephemeral1"
              }
            ],
            "boot_mode": "legacy-bios",
            "creation_date": "2023-05-02T23:09:02.000Z",
            "deprecation_time": "2025-05-02T23:09:02.000Z",
            "description": "Canonical, Ubuntu, 20.04 LTS, amd64 focal image build on 2023-05-02",
            "ena_support": true,
            "executable_users": null,
            "filter": [
              {
                "name": "architecture",
                "values": [
                  "x86_64"
                ]
              },
              {
                "name": "name",
                "values": [
                  "ubuntu/images/hvm-ssd/ubuntu-focal-20.04-amd64-server-*"
                ]
              },
              {
                "name": "virtualization-type",
                "values": [
                  "hvm"
                ]
              }
            ],
            "hypervisor": "xen",
            "id": "ami-0481e8ba7f486bd99",
            "image_id": "ami-0481e8ba7f486bd99",
            "image_location": "amazon/ubuntu/images/hvm-ssd/ubuntu-focal-20.04-amd64-server-20230502",
            "image_owner_alias": "amazon",
            "image_type": "machine",
            "imds_support": "",
            "include_deprecated": false,
            "kernel_id": "",
            "most_recent": true,
            "name": "ubuntu/images/hvm-ssd/ubuntu-focal-20.04-amd64-server-20230502",
            "name_regex": null,
            "owner_id": "099720109477",
            "owners": [
              "099720109477"
            ],
            "platform": "",
            "platform_details": "Linux/UNIX",
            "product_codes": [],
            "public": true,
            "ramdisk_id": "",
            "root_device_name": "/dev/sda1",
            "root_device_type": "ebs",
            "root_snapshot_id": "snap-004726a10f3a1293e",
            "sriov_net_support": "simple",
            "state": "available",
            "state_reason": {
              "code": "UNSET",
              "message": "UNSET"
            },
            "tags": {},
            "timeouts": null,
            "tpm_support": "",
            "usage_operation": "RunInstances",
            "virtualization_type": "hvm"
          },
          "sensitive_attributes": []
        }
      ]
    },
    {
      "mode": "managed",
      "type": "aws_instance",
      "name": "devop_administrator",
      "provider": "provider[\"registry.terraform.io/hashicorp/aws\"]",
      "instances": [
        {
          "schema_version": 1,
          "attributes": {
            "ami": "ami-005f9685cb30f234b",
            "arn": "arn:aws:ec2:us-east-1:859324481407:instance/i-0d2cdda4c4a535c05",
            "associate_public_ip_address": true,
            "availability_zone": "us-east-1a",
            "capacity_reservation_specification": [
              {
                "capacity_reservation_preference": "open",
                "capacity_reservation_target": []
              }
            ],
            "cpu_core_count": 1,
            "cpu_options": [
              {
                "amd_sev_snp": "",
                "core_count": 1,
                "threads_per_core": 1
              }
            ],
            "cpu_threads_per_core": 1,
            "credit_specification": [
              {
                "cpu_credits": "standard"
              }
            ],
            "disable_api_stop": false,
            "disable_api_termination": false,
            "ebs_block_device": [],
            "ebs_optimized": false,
            "enclave_options": [
              {
                "enabled": false
              }
            ],
            "ephemeral_block_device": [],
            "get_password_data": false,
            "hibernation": false,
            "host_id": "",
            "host_resource_group_arn": null,
            "iam_instance_profile": "",
            "id": "i-0d2cdda4c4a535c05",
            "instance_initiated_shutdown_behavior": "stop",
            "instance_state": "running",
            "instance_type": "t2.micro",
            "ipv6_address_count": 0,
            "ipv6_addresses": [],
            "key_name": "dev-ansible-key",
            "launch_template": [],
            "maintenance_options": [
              {
                "auto_recovery": "default"
              }
            ],
            "metadata_options": [
              {
                "http_endpoint": "enabled",
                "http_put_response_hop_limit": 1,
                "http_tokens": "optional",
                "instance_metadata_tags": "disabled"
              }
            ],
            "monitoring": false,
            "network_interface": [
              {
                "delete_on_termination": false,
                "device_index": 0,
                "network_card_index": 0,
                "network_interface_id": "eni-0986e9bd2e93d787b"
              }
            ],
            "outpost_arn": "",
            "password_data": "",
            "placement_group": "",
            "placement_partition_number": 0,
            "primary_network_interface_id": "eni-0986e9bd2e93d787b",
            "private_dns": "ip-172-16-10-225.ec2.internal",
            "private_dns_name_options": [
              {
                "enable_resource_name_dns_a_record": false,
                "enable_resource_name_dns_aaaa_record": false,
                "hostname_type": "ip-name"
              }
            ],
            "private_ip": "172.16.10.225",
            "public_dns": "ec2-3-87-125-248.compute-1.amazonaws.com",
            "public_ip": "3.87.125.248",
            "root_block_device": [
              {
                "delete_on_termination": true,
                "device_name": "/dev/xvda",
                "encrypted": true,
                "iops": 100,
                "kms_key_id": "arn:aws:kms:us-east-1:859324481407:key/b8b8e7f6-a460-4b4f-9856-f8712b098316",
                "tags": null,
                "throughput": 0,
                "volume_id": "vol-00f11d816cde078a1",
                "volume_size": 20,
                "volume_type": "gp2"
              }
            ],
            "secondary_private_ips": [],
            "security_groups": [],
            "source_dest_check": true,
            "subnet_id": "subnet-0e1d098e051c4d75c",
            "tags": {
              "Environment": "dev",
              "Name": "dev-devops-administrator"
            },
            "tags_all": {
              "Environment": "dev",
              "Name": "dev-devops-administrator"
            },
            "tenancy": "default",
            "timeouts": null,
            "user_data": "dc86bba27f358991b453b213d7e7839ba5c96caf",
            "user_data_base64": null,
            "user_data_replace_on_change": false,
            "volume_tags": null,
            "vpc_security_group_ids": [
              "sg-0b70fc7261e0fca71"
            ]
          },
          "sensitive_attributes": [
            [
              {
                "type": "get_attr",
                "value": "user_data"
              }
            ]
          ],
          "private": "eyJlMmJmYjczMC1lY2FhLTExZTYtOGY4OC0zNDM2M2JjN2M0YzAiOnsiY3JlYXRlIjo2MDAwMDAwMDAwMDAsImRlbGV0ZSI6MTIwMDAwMDAwMDAwMCwidXBkYXRlIjo2MDAwMDAwMDAwMDB9LCJzY2hlbWFfdmVyc2lvbiI6IjEifQ==",
          "dependencies": [
            "aws_key_pair.mtc_auth",
            "aws_network_interface.devops_admin-interface",
            "aws_security_group.administrator_sg",
            "aws_subnet.webserver_subnet",
            "aws_vpc.vpc",
            "tls_private_key.rsa"
          ]
        }
      ]
    },
    {
      "mode": "managed",
      "type": "aws_instance",
      "name": "jenkins_server",
      "provider": "provider[\"registry.terraform.io/hashicorp/aws\"]",
      "instances": [
        {
          "schema_version": 1,
          "attributes": {
            "ami": "ami-005f9685cb30f234b",
            "arn": "arn:aws:ec2:us-east-1:859324481407:instance/i-08b859a5303c1a2b3",
            "associate_public_ip_address": true,
            "availability_zone": "us-east-1a",
            "capacity_reservation_specification": [
              {
                "capacity_reservation_preference": "open",
                "capacity_reservation_target": []
              }
            ],
            "cpu_core_count": 2,
            "cpu_options": [
              {
                "amd_sev_snp": "",
                "core_count": 2,
                "threads_per_core": 1
              }
            ],
            "cpu_threads_per_core": 1,
            "credit_specification": [
              {
                "cpu_credits": "standard"
              }
            ],
            "disable_api_stop": false,
            "disable_api_termination": false,
            "ebs_block_device": [],
            "ebs_optimized": false,
            "enclave_options": [
              {
                "enabled": false
              }
            ],
            "ephemeral_block_device": [],
            "get_password_data": false,
            "hibernation": false,
            "host_id": "",
            "host_resource_group_arn": null,
            "iam_instance_profile": "",
            "id": "i-08b859a5303c1a2b3",
            "instance_initiated_shutdown_behavior": "stop",
            "instance_state": "running",
            "instance_type": "t2.medium",
            "ipv6_address_count": 0,
            "ipv6_addresses": [],
            "key_name": "dev-ansible-key",
            "launch_template": [],
            "maintenance_options": [
              {
                "auto_recovery": "default"
              }
            ],
            "metadata_options": [
              {
                "http_endpoint": "enabled",
                "http_put_response_hop_limit": 1,
                "http_tokens": "optional",
                "instance_metadata_tags": "disabled"
              }
            ],
            "monitoring": false,
            "network_interface": [
              {
                "delete_on_termination": false,
                "device_index": 0,
                "network_card_index": 0,
                "network_interface_id": "eni-073395f7546e4c25d"
              }
            ],
            "outpost_arn": "",
            "password_data": "",
            "placement_group": "",
            "placement_partition_number": 0,
            "primary_network_interface_id": "eni-073395f7546e4c25d",
            "private_dns": "ip-172-16-10-226.ec2.internal",
            "private_dns_name_options": [
              {
                "enable_resource_name_dns_a_record": false,
                "enable_resource_name_dns_aaaa_record": false,
                "hostname_type": "ip-name"
              }
            ],
            "private_ip": "172.16.10.226",
            "public_dns": "ec2-34-227-227-149.compute-1.amazonaws.com",
            "public_ip": "34.227.227.149",
            "root_block_device": [
              {
                "delete_on_termination": true,
                "device_name": "/dev/xvda",
                "encrypted": true,
                "iops": 100,
                "kms_key_id": "arn:aws:kms:us-east-1:859324481407:key/b8b8e7f6-a460-4b4f-9856-f8712b098316",
                "tags": null,
                "throughput": 0,
                "volume_id": "vol-0f8d21e2d2ec74060",
                "volume_size": 20,
                "volume_type": "gp2"
              }
            ],
            "secondary_private_ips": [],
            "security_groups": [],
            "source_dest_check": true,
            "subnet_id": "subnet-0e1d098e051c4d75c",
            "tags": {
              "Environment": "dev",
              "Name": "dev-jenkins"
            },
            "tags_all": {
              "Environment": "dev",
              "Name": "dev-jenkins"
            },
            "tenancy": "default",
            "timeouts": null,
            "user_data": null,
            "user_data_base64": null,
            "user_data_replace_on_change": false,
            "volume_tags": null,
            "vpc_security_group_ids": [
              "sg-0b5d3c7b32b26688e"
            ]
          },
          "sensitive_attributes": [],
          "private": "eyJlMmJmYjczMC1lY2FhLTExZTYtOGY4OC0zNDM2M2JjN2M0YzAiOnsiY3JlYXRlIjo2MDAwMDAwMDAwMDAsImRlbGV0ZSI6MTIwMDAwMDAwMDAwMCwidXBkYXRlIjo2MDAwMDAwMDAwMDB9LCJzY2hlbWFfdmVyc2lvbiI6IjEifQ==",
          "dependencies": [
            "aws_key_pair.mtc_auth",
            "aws_network_interface.jenkins-interface",
            "aws_security_group.jenkins_sg",
            "aws_subnet.webserver_subnet",
            "aws_vpc.vpc",
            "tls_private_key.rsa"
          ]
        }
      ]
    },
    {
      "mode": "managed",
      "type": "aws_instance",
      "name": "waf_ec2",
      "provider": "provider[\"registry.terraform.io/hashicorp/aws\"]",
      "instances": [
        {
          "schema_version": 1,
          "attributes": {
            "ami": "ami-005f9685cb30f234b",
            "arn": "arn:aws:ec2:us-east-1:859324481407:instance/i-028bc40922f2ba839",
            "associate_public_ip_address": true,
            "availability_zone": "us-east-1a",
            "capacity_reservation_specification": [
              {
                "capacity_reservation_preference": "open",
                "capacity_reservation_target": []
              }
            ],
            "cpu_core_count": 2,
            "cpu_options": [
              {
                "amd_sev_snp": "",
                "core_count": 2,
                "threads_per_core": 1
              }
            ],
            "cpu_threads_per_core": 1,
            "credit_specification": [
              {
                "cpu_credits": "standard"
              }
            ],
            "disable_api_stop": false,
            "disable_api_termination": false,
            "ebs_block_device": [],
            "ebs_optimized": false,
            "enclave_options": [
              {
                "enabled": false
              }
            ],
            "ephemeral_block_device": [],
            "get_password_data": false,
            "hibernation": false,
            "host_id": "",
            "host_resource_group_arn": null,
            "iam_instance_profile": "",
            "id": "i-028bc40922f2ba839",
            "instance_initiated_shutdown_behavior": "stop",
            "instance_state": "running",
            "instance_type": "t2.medium",
            "ipv6_address_count": 0,
            "ipv6_addresses": [],
            "key_name": "dev-ansible-key",
            "launch_template": [],
            "maintenance_options": [
              {
                "auto_recovery": "default"
              }
            ],
            "metadata_options": [
              {
                "http_endpoint": "enabled",
                "http_put_response_hop_limit": 1,
                "http_tokens": "optional",
                "instance_metadata_tags": "disabled"
              }
            ],
            "monitoring": false,
            "network_interface": [
              {
                "delete_on_termination": false,
                "device_index": 0,
                "network_card_index": 0,
                "network_interface_id": "eni-0ee5ef39fbab986b0"
              }
            ],
            "outpost_arn": "",
            "password_data": "",
            "placement_group": "",
            "placement_partition_number": 0,
            "primary_network_interface_id": "eni-0ee5ef39fbab986b0",
            "private_dns": "ip-172-16-10-227.ec2.internal",
            "private_dns_name_options": [
              {
                "enable_resource_name_dns_a_record": false,
                "enable_resource_name_dns_aaaa_record": false,
                "hostname_type": "ip-name"
              }
            ],
            "private_ip": "172.16.10.227",
            "public_dns": "ec2-54-242-135-59.compute-1.amazonaws.com",
            "public_ip": "54.242.135.59",
            "root_block_device": [
              {
                "delete_on_termination": true,
                "device_name": "/dev/xvda",
                "encrypted": true,
                "iops": 100,
                "kms_key_id": "arn:aws:kms:us-east-1:859324481407:key/b8b8e7f6-a460-4b4f-9856-f8712b098316",
                "tags": null,
                "throughput": 0,
                "volume_id": "vol-03c28899028f69a01",
                "volume_size": 20,
                "volume_type": "gp2"
              }
            ],
            "secondary_private_ips": [],
            "security_groups": [],
            "source_dest_check": true,
            "subnet_id": "subnet-0e1d098e051c4d75c",
            "tags": {
              "Environment": "dev",
              "Name": "dev-WAF"
            },
            "tags_all": {
              "Environment": "dev",
              "Name": "dev-WAF"
            },
            "tenancy": "default",
            "timeouts": null,
            "user_data": "68a7483d55da522173641e2f8f0cb412e97b0a00",
            "user_data_base64": null,
            "user_data_replace_on_change": false,
            "volume_tags": null,
            "vpc_security_group_ids": [
              "sg-0ab803d1689b2f06d"
            ]
          },
          "sensitive_attributes": [],
          "private": "eyJlMmJmYjczMC1lY2FhLTExZTYtOGY4OC0zNDM2M2JjN2M0YzAiOnsiY3JlYXRlIjo2MDAwMDAwMDAwMDAsImRlbGV0ZSI6MTIwMDAwMDAwMDAwMCwidXBkYXRlIjo2MDAwMDAwMDAwMDB9LCJzY2hlbWFfdmVyc2lvbiI6IjEifQ==",
          "dependencies": [
            "aws_key_pair.mtc_auth",
            "aws_network_interface.waf-interface",
            "aws_security_group.waf_sg",
            "aws_subnet.webserver_subnet",
            "aws_vpc.vpc",
            "tls_private_key.rsa"
          ]
        }
      ]
    },
    {
      "mode": "managed",
      "type": "aws_instance",
      "name": "webserver",
      "provider": "provider[\"registry.terraform.io/hashicorp/aws\"]",
      "instances": [
        {
          "index_key": 0,
          "schema_version": 1,
          "attributes": {
            "ami": "ami-005f9685cb30f234b",
            "arn": "arn:aws:ec2:us-east-1:859324481407:instance/i-0cd135269e8214e87",
            "associate_public_ip_address": true,
            "availability_zone": "us-east-1a",
            "capacity_reservation_specification": [
              {
                "capacity_reservation_preference": "open",
                "capacity_reservation_target": []
              }
            ],
            "cpu_core_count": 1,
            "cpu_options": [
              {
                "amd_sev_snp": "",
                "core_count": 1,
                "threads_per_core": 1
              }
            ],
            "cpu_threads_per_core": 1,
            "credit_specification": [
              {
                "cpu_credits": "standard"
              }
            ],
            "disable_api_stop": false,
            "disable_api_termination": false,
            "ebs_block_device": [],
            "ebs_optimized": false,
            "enclave_options": [
              {
                "enabled": false
              }
            ],
            "ephemeral_block_device": [],
            "get_password_data": false,
            "hibernation": false,
            "host_id": "",
            "host_resource_group_arn": null,
            "iam_instance_profile": "",
            "id": "i-0cd135269e8214e87",
            "instance_initiated_shutdown_behavior": "stop",
            "instance_state": "running",
            "instance_type": "t2.micro",
            "ipv6_address_count": 0,
            "ipv6_addresses": [],
            "key_name": "dev-ansible-key",
            "launch_template": [],
            "maintenance_options": [
              {
                "auto_recovery": "default"
              }
            ],
            "metadata_options": [
              {
                "http_endpoint": "enabled",
                "http_put_response_hop_limit": 1,
                "http_tokens": "optional",
                "instance_metadata_tags": "disabled"
              }
            ],
            "monitoring": false,
            "network_interface": [
              {
                "delete_on_termination": false,
                "device_index": 0,
                "network_card_index": 0,
                "network_interface_id": "eni-063bdcf605d0d8cd9"
              }
            ],
            "outpost_arn": "",
            "password_data": "",
            "placement_group": "",
            "placement_partition_number": 0,
            "primary_network_interface_id": "eni-063bdcf605d0d8cd9",
            "private_dns": "ip-172-16-10-100.ec2.internal",
            "private_dns_name_options": [
              {
                "enable_resource_name_dns_a_record": false,
                "enable_resource_name_dns_aaaa_record": false,
                "hostname_type": "ip-name"
              }
            ],
            "private_ip": "172.16.10.100",
            "public_dns": "ec2-54-89-199-94.compute-1.amazonaws.com",
            "public_ip": "54.89.199.94",
            "root_block_device": [
              {
                "delete_on_termination": true,
                "device_name": "/dev/xvda",
                "encrypted": true,
                "iops": 100,
                "kms_key_id": "arn:aws:kms:us-east-1:859324481407:key/b8b8e7f6-a460-4b4f-9856-f8712b098316",
                "tags": null,
                "throughput": 0,
                "volume_id": "vol-0187e3ace6da28178",
                "volume_size": 20,
                "volume_type": "gp2"
              }
            ],
            "secondary_private_ips": [],
            "security_groups": [],
            "source_dest_check": true,
            "subnet_id": "subnet-0e1d098e051c4d75c",
            "tags": {
              "Environment": "dev",
              "Name": "dev-webserver-0"
            },
            "tags_all": {
              "Environment": "dev",
              "Name": "dev-webserver-0"
            },
            "tenancy": "default",
            "timeouts": null,
            "user_data": null,
            "user_data_base64": null,
            "user_data_replace_on_change": false,
            "volume_tags": null,
            "vpc_security_group_ids": [
              "sg-01a761423129e9b00"
            ]
          },
          "sensitive_attributes": [],
          "private": "eyJlMmJmYjczMC1lY2FhLTExZTYtOGY4OC0zNDM2M2JjN2M0YzAiOnsiY3JlYXRlIjo2MDAwMDAwMDAwMDAsImRlbGV0ZSI6MTIwMDAwMDAwMDAwMCwidXBkYXRlIjo2MDAwMDAwMDAwMDB9LCJzY2hlbWFfdmVyc2lvbiI6IjEifQ==",
          "dependencies": [
            "aws_key_pair.mtc_auth",
            "aws_network_interface.web-server",
            "aws_security_group.webserver_sg",
            "aws_subnet.webserver_subnet",
            "aws_vpc.vpc",
            "tls_private_key.rsa"
          ]
        }
      ]
    },
    {
      "mode": "managed",
      "type": "aws_internet_gateway",
      "name": "gw-vpc",
      "provider": "provider[\"registry.terraform.io/hashicorp/aws\"]",
      "instances": [
        {
          "schema_version": 0,
          "attributes": {
            "arn": "arn:aws:ec2:us-east-1:859324481407:internet-gateway/igw-0ef14300c8f26d844",
            "id": "igw-0ef14300c8f26d844",
            "owner_id": "859324481407",
            "tags": {
              "Name": "dev-GW-VPC"
            },
            "tags_all": {
              "Environment": "Production",
              "Name": "dev-GW-VPC"
            },
            "timeouts": null,
            "vpc_id": "vpc-0be7a3ff49fb19cfd"
          },
          "sensitive_attributes": [],
          "private": "eyJlMmJmYjczMC1lY2FhLTExZTYtOGY4OC0zNDM2M2JjN2M0YzAiOnsiY3JlYXRlIjoxMjAwMDAwMDAwMDAwLCJkZWxldGUiOjEyMDAwMDAwMDAwMDAsInVwZGF0ZSI6MTIwMDAwMDAwMDAwMH19",
          "dependencies": [
            "aws_vpc.vpc"
          ]
        }
      ]
    },
    {
      "mode": "managed",
      "type": "aws_key_pair",
      "name": "mtc_auth",
      "provider": "provider[\"registry.terraform.io/hashicorp/aws\"]",
      "instances": [
        {
          "schema_version": 1,
          "attributes": {
            "arn": "arn:aws:ec2:us-east-1:859324481407:key-pair/dev-ansible-key",
            "fingerprint": "56:77:9a:d0:d4:8a:7f:61:93:8a:25:6a:3f:0f:12:cd",
            "id": "dev-ansible-key",
            "key_name": "dev-ansible-key",
            "key_name_prefix": "",
            "key_pair_id": "key-0774faad33f25c239",
            "key_type": "rsa",
            "public_key": "ssh-rsa AAAAB3NzaC1yc2EAAAADAQABAAACAQDR3zvG8RJOw9QmqDkGDqiU9MV3xb3UmXXZAeWaAQKuYu98x5NVJQgCBBPXHseDXEVp1/MQig1mtKbKK/oWCG/HlHGkVl2WswlaLNAuRpLs5ZrDyscZtYkcvWuqc3noz1E3ls+A4IynuTXRlij19axK/R6uXaPNLqiAkeLICGax4e6FgGqxkRFfrCGDqPUawT2aBHD6jiqPkCLK02BZjXGYQ05bCQYWwU0Ewc5GcwG41gI9Zu8F3+C5YE7N1GhukqWP39X6Oun++ICHmNy2l6tOwWO9LCv3WJXGyz0N0uQ8jpBECbOyrKg6bCKs3QdMG699XqDVteydi0tDwJ/VrQtTTYRNSZi8NQuJHZpGE7GK40r2FBQ9/L5VmXQ7lv0dQ2qXmfOr1ImigR8roB/vrpqwuQTM5vUh5cYokoY1tn/Xck+OiRVSUsID/aZ4RR13vk03IeoPbOpdP3vRl6X3tMsMb/oTAfZ6g7kVvT9FhsgTNdPOfq69YnwSyb6+qHQRgomJTbAELXDBH4UGAKt6WPPYVPIGSnchy9s0l0UoBSIKKWjSh7Uts3Mbm9LoLdnu6MAgupelBUCJ2cOmnSL+5XAWd7qsvWUgf+cHnQBm4dpRm+f3dNcjiO1eJcuBHkTGRL7cdofLZSHEBVlB0dkqEa7cJSj9QkVrv7gW2XG4JpEEtw==",
            "tags": null,
            "tags_all": {
              "Environment": "Production"
            }
          },
          "sensitive_attributes": [],
          "private": "eyJzY2hlbWFfdmVyc2lvbiI6IjEifQ==",
          "dependencies": [
            "tls_private_key.rsa"
          ]
        }
      ]
    },
    {
      "mode": "managed",
      "type": "aws_network_interface",
      "name": "devops_admin-interface",
      "provider": "provider[\"registry.terraform.io/hashicorp/aws\"]",
      "instances": [
        {
          "schema_version": 0,
          "attributes": {
            "arn": "arn:aws:ec2:us-east-1:859324481407:network-interface/eni-0986e9bd2e93d787b",
            "attachment": [],
            "description": "",
            "id": "eni-0986e9bd2e93d787b",
            "interface_type": "interface",
            "ipv4_prefix_count": 0,
            "ipv4_prefixes": [],
            "ipv6_address_count": 0,
            "ipv6_address_list": [],
            "ipv6_address_list_enabled": false,
            "ipv6_addresses": [],
            "ipv6_prefix_count": 0,
            "ipv6_prefixes": [],
            "mac_address": "0a:90:75:ea:3d:7d",
            "outpost_arn": "",
            "owner_id": "859324481407",
            "private_dns_name": "ip-172-16-10-225.ec2.internal",
            "private_ip": "172.16.10.225",
            "private_ip_list": [
              "172.16.10.225"
            ],
            "private_ip_list_enabled": false,
            "private_ips": [
              "172.16.10.225"
            ],
            "private_ips_count": 0,
            "security_groups": [
              "sg-0b70fc7261e0fca71"
            ],
            "source_dest_check": true,
            "subnet_id": "subnet-0e1d098e051c4d75c",
            "tags": {
              "Environment": "dev",
              "Name": "dev-devops-admin-interface"
            },
            "tags_all": {
              "Environment": "dev",
              "Name": "dev-devops-admin-interface"
            }
          },
          "sensitive_attributes": [],
          "private": "bnVsbA==",
          "dependencies": [
            "aws_security_group.administrator_sg",
            "aws_subnet.webserver_subnet",
            "aws_vpc.vpc"
          ]
        }
      ]
    },
    {
      "mode": "managed",
      "type": "aws_network_interface",
      "name": "jenkins-interface",
      "provider": "provider[\"registry.terraform.io/hashicorp/aws\"]",
      "instances": [
        {
          "schema_version": 0,
          "attributes": {
            "arn": "arn:aws:ec2:us-east-1:859324481407:network-interface/eni-073395f7546e4c25d",
            "attachment": [],
            "description": "",
            "id": "eni-073395f7546e4c25d",
            "interface_type": "interface",
            "ipv4_prefix_count": 0,
            "ipv4_prefixes": [],
            "ipv6_address_count": 0,
            "ipv6_address_list": [],
            "ipv6_address_list_enabled": false,
            "ipv6_addresses": [],
            "ipv6_prefix_count": 0,
            "ipv6_prefixes": [],
            "mac_address": "0a:6a:60:4a:b4:a9",
            "outpost_arn": "",
            "owner_id": "859324481407",
            "private_dns_name": "ip-172-16-10-226.ec2.internal",
            "private_ip": "172.16.10.226",
            "private_ip_list": [
              "172.16.10.226"
            ],
            "private_ip_list_enabled": false,
            "private_ips": [
              "172.16.10.226"
            ],
            "private_ips_count": 0,
            "security_groups": [
              "sg-0b5d3c7b32b26688e"
            ],
            "source_dest_check": true,
            "subnet_id": "subnet-0e1d098e051c4d75c",
            "tags": {
              "Environment": "dev",
              "Name": "dev-jenkins-interface"
            },
            "tags_all": {
              "Environment": "dev",
              "Name": "dev-jenkins-interface"
            }
          },
          "sensitive_attributes": [],
          "private": "bnVsbA==",
          "dependencies": [
            "aws_security_group.jenkins_sg",
            "aws_subnet.webserver_subnet",
            "aws_vpc.vpc"
          ]
        }
      ]
    },
    {
      "mode": "managed",
      "type": "aws_network_interface",
      "name": "waf-interface",
      "provider": "provider[\"registry.terraform.io/hashicorp/aws\"]",
      "instances": [
        {
          "schema_version": 0,
          "attributes": {
            "arn": "arn:aws:ec2:us-east-1:859324481407:network-interface/eni-0ee5ef39fbab986b0",
            "attachment": [],
            "description": "",
            "id": "eni-0ee5ef39fbab986b0",
            "interface_type": "interface",
            "ipv4_prefix_count": 0,
            "ipv4_prefixes": [],
            "ipv6_address_count": 0,
            "ipv6_address_list": [],
            "ipv6_address_list_enabled": false,
            "ipv6_addresses": [],
            "ipv6_prefix_count": 0,
            "ipv6_prefixes": [],
            "mac_address": "0a:25:87:24:4e:73",
            "outpost_arn": "",
            "owner_id": "859324481407",
            "private_dns_name": "ip-172-16-10-227.ec2.internal",
            "private_ip": "172.16.10.227",
            "private_ip_list": [
              "172.16.10.227"
            ],
            "private_ip_list_enabled": false,
            "private_ips": [
              "172.16.10.227"
            ],
            "private_ips_count": 0,
            "security_groups": [
              "sg-0ab803d1689b2f06d"
            ],
            "source_dest_check": true,
            "subnet_id": "subnet-0e1d098e051c4d75c",
            "tags": {
              "Environment": "dev",
              "Name": "dev-WAF-interface"
            },
            "tags_all": {
              "Environment": "dev",
              "Name": "dev-WAF-interface"
            }
          },
          "sensitive_attributes": [],
          "private": "bnVsbA==",
          "dependencies": [
            "aws_security_group.waf_sg",
            "aws_subnet.webserver_subnet",
            "aws_vpc.vpc"
          ]
        }
      ]
    },
    {
      "mode": "managed",
      "type": "aws_network_interface",
      "name": "web-server",
      "provider": "provider[\"registry.terraform.io/hashicorp/aws\"]",
      "instances": [
        {
          "index_key": 0,
          "schema_version": 0,
          "attributes": {
            "arn": "arn:aws:ec2:us-east-1:859324481407:network-interface/eni-063bdcf605d0d8cd9",
            "attachment": [],
            "description": "",
            "id": "eni-063bdcf605d0d8cd9",
            "interface_type": "interface",
            "ipv4_prefix_count": 0,
            "ipv4_prefixes": [],
            "ipv6_address_count": 0,
            "ipv6_address_list": [],
            "ipv6_address_list_enabled": false,
            "ipv6_addresses": [],
            "ipv6_prefix_count": 0,
            "ipv6_prefixes": [],
            "mac_address": "0a:1e:54:c5:cf:5d",
            "outpost_arn": "",
            "owner_id": "859324481407",
            "private_dns_name": "ip-172-16-10-100.ec2.internal",
            "private_ip": "172.16.10.100",
            "private_ip_list": [
              "172.16.10.100"
            ],
            "private_ip_list_enabled": false,
            "private_ips": [
              "172.16.10.100"
            ],
            "private_ips_count": 0,
            "security_groups": [
              "sg-01a761423129e9b00"
            ],
            "source_dest_check": true,
            "subnet_id": "subnet-0e1d098e051c4d75c",
            "tags": {
              "Environment": "dev",
              "Name": "dev-webserver-interface-0"
            },
            "tags_all": {
              "Environment": "dev",
              "Name": "dev-webserver-interface-0"
            }
          },
          "sensitive_attributes": [],
          "private": "bnVsbA==",
          "dependencies": [
            "aws_security_group.webserver_sg",
            "aws_subnet.webserver_subnet",
            "aws_vpc.vpc"
          ]
        }
      ]
    },
    {
      "mode": "managed",
      "type": "aws_route_table",
      "name": "webserver-route-table",
      "provider": "provider[\"registry.terraform.io/hashicorp/aws\"]",
      "instances": [
        {
          "schema_version": 0,
          "attributes": {
            "arn": "arn:aws:ec2:us-east-1:859324481407:route-table/rtb-0efccda086ef7306d",
            "id": "rtb-0efccda086ef7306d",
            "owner_id": "859324481407",
            "propagating_vgws": [],
            "route": [
              {
                "carrier_gateway_id": "",
                "cidr_block": "0.0.0.0/0",
                "core_network_arn": "",
                "destination_prefix_list_id": "",
                "egress_only_gateway_id": "",
                "gateway_id": "igw-0ef14300c8f26d844",
                "instance_id": "",
                "ipv6_cidr_block": "",
                "local_gateway_id": "",
                "nat_gateway_id": "",
                "network_interface_id": "",
                "transit_gateway_id": "",
                "vpc_endpoint_id": "",
                "vpc_peering_connection_id": ""
              }
            ],
            "tags": {
              "Name": "dev-Router"
            },
            "tags_all": {
              "Environment": "Production",
              "Name": "dev-Router"
            },
            "timeouts": null,
            "vpc_id": "vpc-0be7a3ff49fb19cfd"
          },
          "sensitive_attributes": [],
          "private": "eyJlMmJmYjczMC1lY2FhLTExZTYtOGY4OC0zNDM2M2JjN2M0YzAiOnsiY3JlYXRlIjozMDAwMDAwMDAwMDAsImRlbGV0ZSI6MzAwMDAwMDAwMDAwLCJ1cGRhdGUiOjEyMDAwMDAwMDAwMH19",
          "dependencies": [
            "aws_internet_gateway.gw-vpc",
            "aws_vpc.vpc"
          ]
        }
      ]
    },
    {
      "mode": "managed",
      "type": "aws_route_table_association",
      "name": "ass-subnet-route",
      "provider": "provider[\"registry.terraform.io/hashicorp/aws\"]",
      "instances": [
        {
          "schema_version": 0,
          "attributes": {
            "gateway_id": "",
            "id": "rtbassoc-0699df501be3c8ceb",
            "route_table_id": "rtb-0efccda086ef7306d",
            "subnet_id": "subnet-0e1d098e051c4d75c",
            "timeouts": null
          },
          "sensitive_attributes": [],
          "private": "eyJlMmJmYjczMC1lY2FhLTExZTYtOGY4OC0zNDM2M2JjN2M0YzAiOnsiY3JlYXRlIjozMDAwMDAwMDAwMDAsImRlbGV0ZSI6MzAwMDAwMDAwMDAwLCJ1cGRhdGUiOjEyMDAwMDAwMDAwMH19",
          "dependencies": [
            "aws_internet_gateway.gw-vpc",
            "aws_route_table.webserver-route-table",
            "aws_subnet.webserver_subnet",
            "aws_vpc.vpc"
          ]
        }
      ]
    },
    {
      "mode": "managed",
      "type": "aws_security_group",
      "name": "administrator_sg",
      "provider": "provider[\"registry.terraform.io/hashicorp/aws\"]",
      "instances": [
        {
          "schema_version": 1,
          "attributes": {
            "arn": "arn:aws:ec2:us-east-1:859324481407:security-group/sg-0b70fc7261e0fca71",
            "description": "Administrator DMZ",
            "egress": [
              {
                "cidr_blocks": [
                  "0.0.0.0/0"
                ],
                "description": "Allow all",
                "from_port": 0,
                "ipv6_cidr_blocks": [],
                "prefix_list_ids": [],
                "protocol": "-1",
                "security_groups": [],
                "self": false,
                "to_port": 0
              }
            ],
            "id": "sg-0b70fc7261e0fca71",
            "ingress": [
              {
                "cidr_blocks": [
                  "0.0.0.0/0"
                ],
                "description": "HTTP (80)",
                "from_port": 80,
                "ipv6_cidr_blocks": [],
                "prefix_list_ids": [],
                "protocol": "tcp",
                "security_groups": [],
                "self": false,
                "to_port": 80
              },
              {
                "cidr_blocks": [
                  "0.0.0.0/0"
                ],
                "description": "HTTP (8080)",
                "from_port": 8080,
                "ipv6_cidr_blocks": [],
                "prefix_list_ids": [],
                "protocol": "tcp",
                "security_groups": [],
                "self": false,
                "to_port": 8080
              },
              {
                "cidr_blocks": [
                  "0.0.0.0/0"
                ],
                "description": "HTTPS (443)",
                "from_port": 443,
                "ipv6_cidr_blocks": [],
                "prefix_list_ids": [],
                "protocol": "tcp",
                "security_groups": [],
                "self": false,
                "to_port": 443
              },
              {
                "cidr_blocks": [
                  "0.0.0.0/0"
                ],
                "description": "SSH (22)",
                "from_port": 22,
                "ipv6_cidr_blocks": [],
                "prefix_list_ids": [],
                "protocol": "tcp",
                "security_groups": [],
                "self": false,
                "to_port": 22
              }
            ],
            "name": "dev-Administrator-sg",
            "name_prefix": "",
            "owner_id": "859324481407",
            "revoke_rules_on_delete": false,
            "tags": {
              "Environment": "dev",
              "Name": "dev-Administrator-sg"
            },
            "tags_all": {
              "Environment": "dev",
              "Name": "dev-Administrator-sg"
            },
            "timeouts": null,
            "vpc_id": "vpc-0be7a3ff49fb19cfd"
          },
          "sensitive_attributes": [],
          "private": "eyJlMmJmYjczMC1lY2FhLTExZTYtOGY4OC0zNDM2M2JjN2M0YzAiOnsiY3JlYXRlIjo2MDAwMDAwMDAwMDAsImRlbGV0ZSI6OTAwMDAwMDAwMDAwfSwic2NoZW1hX3ZlcnNpb24iOiIxIn0=",
          "dependencies": [
            "aws_vpc.vpc"
          ]
        }
      ]
    },
    {
      "mode": "managed",
      "type": "aws_security_group",
      "name": "jenkins_sg",
      "provider": "provider[\"registry.terraform.io/hashicorp/aws\"]",
      "instances": [
        {
          "schema_version": 1,
          "attributes": {
            "arn": "arn:aws:ec2:us-east-1:859324481407:security-group/sg-0b5d3c7b32b26688e",
            "description": "jenkins DMZ",
            "egress": [
              {
                "cidr_blocks": [
                  "0.0.0.0/0"
                ],
                "description": "Allow all",
                "from_port": 0,
                "ipv6_cidr_blocks": [],
                "prefix_list_ids": [],
                "protocol": "-1",
                "security_groups": [],
                "self": false,
                "to_port": 0
              }
            ],
            "id": "sg-0b5d3c7b32b26688e",
            "ingress": [
              {
                "cidr_blocks": [
                  "0.0.0.0/0"
                ],
                "description": "HTTP (80)",
                "from_port": 80,
                "ipv6_cidr_blocks": [],
                "prefix_list_ids": [],
                "protocol": "tcp",
                "security_groups": [],
                "self": false,
                "to_port": 80
              },
              {
                "cidr_blocks": [
                  "0.0.0.0/0"
                ],
                "description": "HTTP (8080)",
                "from_port": 8080,
                "ipv6_cidr_blocks": [],
                "prefix_list_ids": [],
                "protocol": "tcp",
                "security_groups": [],
                "self": false,
                "to_port": 8080
              },
              {
                "cidr_blocks": [
                  "0.0.0.0/0"
                ],
                "description": "HTTPS (443)",
                "from_port": 443,
                "ipv6_cidr_blocks": [],
                "prefix_list_ids": [],
                "protocol": "tcp",
                "security_groups": [],
                "self": false,
                "to_port": 443
              },
              {
                "cidr_blocks": [
                  "0.0.0.0/0"
                ],
                "description": "SSH (22)",
                "from_port": 22,
                "ipv6_cidr_blocks": [],
                "prefix_list_ids": [],
                "protocol": "tcp",
                "security_groups": [],
                "self": false,
                "to_port": 22
              },
              {
                "cidr_blocks": [
                  "0.0.0.0/0"
                ],
                "description": "SonarQube (9000)",
                "from_port": 9000,
                "ipv6_cidr_blocks": [],
                "prefix_list_ids": [],
                "protocol": "tcp",
                "security_groups": [],
                "self": false,
                "to_port": 9000
              }
            ],
            "name": "dev-jenkins-sg",
            "name_prefix": "",
            "owner_id": "859324481407",
            "revoke_rules_on_delete": false,
            "tags": {
              "Environment": "dev",
              "Name": "dev-jenkins-sg"
            },
            "tags_all": {
              "Environment": "dev",
              "Name": "dev-jenkins-sg"
            },
            "timeouts": null,
            "vpc_id": "vpc-0be7a3ff49fb19cfd"
          },
          "sensitive_attributes": [],
          "private": "eyJlMmJmYjczMC1lY2FhLTExZTYtOGY4OC0zNDM2M2JjN2M0YzAiOnsiY3JlYXRlIjo2MDAwMDAwMDAwMDAsImRlbGV0ZSI6OTAwMDAwMDAwMDAwfSwic2NoZW1hX3ZlcnNpb24iOiIxIn0=",
          "dependencies": [
            "aws_vpc.vpc"
          ]
        }
      ]
    },
    {
      "mode": "managed",
      "type": "aws_security_group",
      "name": "waf_sg",
      "provider": "provider[\"registry.terraform.io/hashicorp/aws\"]",
      "instances": [
        {
          "schema_version": 1,
          "attributes": {
            "arn": "arn:aws:ec2:us-east-1:859324481407:security-group/sg-0ab803d1689b2f06d",
            "description": "WAF DMZ",
            "egress": [
              {
                "cidr_blocks": [
                  "0.0.0.0/0"
                ],
                "description": "Allow all",
                "from_port": 0,
                "ipv6_cidr_blocks": [],
                "prefix_list_ids": [],
                "protocol": "-1",
                "security_groups": [],
                "self": false,
                "to_port": 0
              }
            ],
            "id": "sg-0ab803d1689b2f06d",
            "ingress": [
              {
                "cidr_blocks": [
                  "0.0.0.0/0"
                ],
                "description": "Elasticsearch (9200)",
                "from_port": 9200,
                "ipv6_cidr_blocks": [],
                "prefix_list_ids": [],
                "protocol": "tcp",
                "security_groups": [],
                "self": false,
                "to_port": 9200
              },
              {
                "cidr_blocks": [
                  "0.0.0.0/0"
                ],
                "description": "Elasticsearch (9300)",
                "from_port": 9300,
                "ipv6_cidr_blocks": [],
                "prefix_list_ids": [],
                "protocol": "tcp",
                "security_groups": [],
                "self": false,
                "to_port": 9300
              },
              {
                "cidr_blocks": [
                  "0.0.0.0/0"
                ],
                "description": "Graylog (9000)",
                "from_port": 9000,
                "ipv6_cidr_blocks": [],
                "prefix_list_ids": [],
                "protocol": "tcp",
                "security_groups": [],
                "self": false,
                "to_port": 9000
              },
              {
                "cidr_blocks": [
                  "0.0.0.0/0"
                ],
                "description": "HTTP (80)",
                "from_port": 80,
                "ipv6_cidr_blocks": [],
                "prefix_list_ids": [],
                "protocol": "tcp",
                "security_groups": [],
                "self": false,
                "to_port": 80
              },
              {
                "cidr_blocks": [
                  "0.0.0.0/0"
                ],
                "description": "HTTP (8080)",
                "from_port": 8080,
                "ipv6_cidr_blocks": [],
                "prefix_list_ids": [],
                "protocol": "tcp",
                "security_groups": [],
                "self": false,
                "to_port": 8080
              },
              {
                "cidr_blocks": [
                  "0.0.0.0/0"
                ],
                "description": "HTTPS (443)",
                "from_port": 443,
                "ipv6_cidr_blocks": [],
                "prefix_list_ids": [],
                "protocol": "tcp",
                "security_groups": [],
                "self": false,
                "to_port": 443
              },
              {
                "cidr_blocks": [
                  "0.0.0.0/0"
                ],
                "description": "MongoDB  (27017)",
                "from_port": 27017,
                "ipv6_cidr_blocks": [],
                "prefix_list_ids": [],
                "protocol": "tcp",
                "security_groups": [],
                "self": false,
                "to_port": 27017
              },
              {
                "cidr_blocks": [
                  "0.0.0.0/0"
                ],
                "description": "SSH (22)",
                "from_port": 22,
                "ipv6_cidr_blocks": [],
                "prefix_list_ids": [],
                "protocol": "tcp",
                "security_groups": [],
                "self": false,
                "to_port": 22
              }
            ],
            "name": "dev-waf-sg",
            "name_prefix": "",
            "owner_id": "859324481407",
            "revoke_rules_on_delete": false,
            "tags": {
              "Environment": "dev",
              "Name": "dev-WAF-sg"
            },
            "tags_all": {
              "Environment": "dev",
              "Name": "dev-WAF-sg"
            },
            "timeouts": null,
            "vpc_id": "vpc-0be7a3ff49fb19cfd"
          },
          "sensitive_attributes": [],
          "private": "eyJlMmJmYjczMC1lY2FhLTExZTYtOGY4OC0zNDM2M2JjN2M0YzAiOnsiY3JlYXRlIjo2MDAwMDAwMDAwMDAsImRlbGV0ZSI6OTAwMDAwMDAwMDAwfSwic2NoZW1hX3ZlcnNpb24iOiIxIn0=",
          "dependencies": [
            "aws_vpc.vpc"
          ]
        }
      ]
    },
    {
      "mode": "managed",
      "type": "aws_security_group",
      "name": "webserver_sg",
      "provider": "provider[\"registry.terraform.io/hashicorp/aws\"]",
      "instances": [
        {
          "schema_version": 1,
          "attributes": {
            "arn": "arn:aws:ec2:us-east-1:859324481407:security-group/sg-01a761423129e9b00",
            "description": "WebServer DMZ",
            "egress": [
              {
                "cidr_blocks": [
                  "0.0.0.0/0"
                ],
                "description": "Allow all",
                "from_port": 0,
                "ipv6_cidr_blocks": [],
                "prefix_list_ids": [],
                "protocol": "-1",
                "security_groups": [],
                "self": false,
                "to_port": 0
              }
            ],
            "id": "sg-01a761423129e9b00",
            "ingress": [
              {
                "cidr_blocks": [
                  "0.0.0.0/0"
                ],
                "description": "HTTP (80)",
                "from_port": 80,
                "ipv6_cidr_blocks": [],
                "prefix_list_ids": [],
                "protocol": "tcp",
                "security_groups": [],
                "self": false,
                "to_port": 80
              },
              {
                "cidr_blocks": [
                  "0.0.0.0/0"
                ],
                "description": "HTTP (8080)",
                "from_port": 8080,
                "ipv6_cidr_blocks": [],
                "prefix_list_ids": [],
                "protocol": "tcp",
                "security_groups": [],
                "self": false,
                "to_port": 8080
              },
              {
                "cidr_blocks": [
                  "0.0.0.0/0"
                ],
                "description": "HTTPS (443)",
                "from_port": 443,
                "ipv6_cidr_blocks": [],
                "prefix_list_ids": [],
                "protocol": "tcp",
                "security_groups": [],
                "self": false,
                "to_port": 443
              },
              {
                "cidr_blocks": [
                  "0.0.0.0/0"
                ],
                "description": "SSH (22)",
                "from_port": 22,
                "ipv6_cidr_blocks": [],
                "prefix_list_ids": [],
                "protocol": "tcp",
                "security_groups": [],
                "self": false,
                "to_port": 22
              }
            ],
            "name": "dev-webserver-sg",
            "name_prefix": "",
            "owner_id": "859324481407",
            "revoke_rules_on_delete": false,
            "tags": {
              "Environment": "dev",
              "Name": "dev-webserver-sg"
            },
            "tags_all": {
              "Environment": "dev",
              "Name": "dev-webserver-sg"
            },
            "timeouts": null,
            "vpc_id": "vpc-0be7a3ff49fb19cfd"
          },
          "sensitive_attributes": [],
          "private": "eyJlMmJmYjczMC1lY2FhLTExZTYtOGY4OC0zNDM2M2JjN2M0YzAiOnsiY3JlYXRlIjo2MDAwMDAwMDAwMDAsImRlbGV0ZSI6OTAwMDAwMDAwMDAwfSwic2NoZW1hX3ZlcnNpb24iOiIxIn0=",
          "dependencies": [
            "aws_vpc.vpc"
          ]
        }
      ]
    },
    {
      "mode": "managed",
      "type": "aws_subnet",
      "name": "webserver_subnet",
      "provider": "provider[\"registry.terraform.io/hashicorp/aws\"]",
      "instances": [
        {
          "schema_version": 1,
          "attributes": {
            "arn": "arn:aws:ec2:us-east-1:859324481407:subnet/subnet-0e1d098e051c4d75c",
            "assign_ipv6_address_on_creation": false,
            "availability_zone": "us-east-1a",
            "availability_zone_id": "use1-az4",
            "cidr_block": "172.16.10.0/24",
            "customer_owned_ipv4_pool": "",
            "enable_dns64": false,
            "enable_lni_at_device_index": 0,
            "enable_resource_name_dns_a_record_on_launch": false,
            "enable_resource_name_dns_aaaa_record_on_launch": false,
            "id": "subnet-0e1d098e051c4d75c",
            "ipv6_cidr_block": "",
            "ipv6_cidr_block_association_id": "",
            "ipv6_native": false,
            "map_customer_owned_ip_on_launch": false,
            "map_public_ip_on_launch": true,
            "outpost_arn": "",
            "owner_id": "859324481407",
            "private_dns_hostname_type_on_launch": "ip-name",
            "tags": {
              "Environment": "dev",
              "Name": "dev-subnet-us-east-1a"
            },
            "tags_all": {
              "Environment": "dev",
              "Name": "dev-subnet-us-east-1a"
            },
            "timeouts": null,
            "vpc_id": "vpc-0be7a3ff49fb19cfd"
          },
          "sensitive_attributes": [],
          "private": "eyJlMmJmYjczMC1lY2FhLTExZTYtOGY4OC0zNDM2M2JjN2M0YzAiOnsiY3JlYXRlIjo2MDAwMDAwMDAwMDAsImRlbGV0ZSI6MTIwMDAwMDAwMDAwMH0sInNjaGVtYV92ZXJzaW9uIjoiMSJ9",
          "dependencies": [
            "aws_vpc.vpc"
          ]
        }
      ]
    },
    {
      "mode": "managed",
      "type": "aws_vpc",
      "name": "vpc",
      "provider": "provider[\"registry.terraform.io/hashicorp/aws\"]",
      "instances": [
        {
          "schema_version": 1,
          "attributes": {
            "arn": "arn:aws:ec2:us-east-1:859324481407:vpc/vpc-0be7a3ff49fb19cfd",
            "assign_generated_ipv6_cidr_block": false,
            "cidr_block": "172.16.0.0/16",
            "default_network_acl_id": "acl-00efc43f73158d3c8",
            "default_route_table_id": "rtb-0b0ca82d7c1707ef8",
            "default_security_group_id": "sg-02a0ed6129818a4cc",
            "dhcp_options_id": "dopt-0403cca95ce8ba35f",
            "enable_classiclink": false,
            "enable_classiclink_dns_support": false,
            "enable_dns_hostnames": true,
            "enable_dns_support": true,
            "enable_network_address_usage_metrics": false,
            "id": "vpc-0be7a3ff49fb19cfd",
            "instance_tenancy": "default",
            "ipv4_ipam_pool_id": null,
            "ipv4_netmask_length": null,
            "ipv6_association_id": "",
            "ipv6_cidr_block": "",
            "ipv6_cidr_block_network_border_group": "",
            "ipv6_ipam_pool_id": "",
            "ipv6_netmask_length": 0,
            "main_route_table_id": "rtb-0b0ca82d7c1707ef8",
            "owner_id": "859324481407",
            "tags": {
              "Environment": "dev",
              "Name": "dev-VPC"
            },
            "tags_all": {
              "Environment": "dev",
              "Name": "dev-VPC"
            }
          },
          "sensitive_attributes": [],
          "private": "eyJzY2hlbWFfdmVyc2lvbiI6IjEifQ=="
        }
      ]
    },
    {
      "mode": "managed",
      "type": "local_file",
      "name": "ansible_config",
      "provider": "provider[\"registry.terraform.io/hashicorp/local\"]",
      "instances": [
        {
          "schema_version": 0,
          "attributes": {
            "content": "[defaults]\ninventory = /home/ec2-user/ansible/inventory\nhost_key_checking = False\nprivate_key_file = /home/ec2-user/.ssh/id_rsa\nremote_user = ec2-user\nforks = 50\nlog_path = /var/log/ansible.log\n[privilege_escalation]\nbecome=True\nbecome_method=sudo\nbecome_user=root\nbecome_ask_pass=False",
            "content_base64": null,
            "content_base64sha256": "Ts4WiNNUL+uVQ4sKAclAyGAIfFClCWAdKgCl/nrgtaw=",
            "content_base64sha512": "wxz9RIayEna3zyRF1GysPaajADRahUwVIELYV2dF75iGJImP9ppTDi1amlcOP4GV6tKoZ2Fy+fkWXB30FwQ8cA==",
            "content_md5": "6f27edb4013e77feef7f8d141165e91b",
            "content_sha1": "7eeaf8f804ba8068cc9b1fe509b59a8512e1fb4f",
            "content_sha256": "4ece1688d3542feb95438b0a01c940c860087c50a509601d2a00a5fe7ae0b5ac",
            "content_sha512": "c31cfd4486b21276b7cf2445d46cac3da6a300345a854c152042d8576745ef988624898ff69a530e2d5a9a570e3f8195ead2a8676172f9f9165c1df417043c70",
            "directory_permission": "0777",
            "file_permission": "0777",
            "filename": "./tf-output/ansible.cfg",
            "id": "7eeaf8f804ba8068cc9b1fe509b59a8512e1fb4f",
            "sensitive_content": null,
            "source": null
          },
          "sensitive_attributes": []
        }
      ]
    },
    {
      "mode": "managed",
      "type": "local_file",
      "name": "ansible_inventory",
      "provider": "provider[\"registry.terraform.io/hashicorp/local\"]",
      "instances": [
        {
          "schema_version": 0,
          "attributes": {
            "content": "[all:vars]\nansible_ssh_common_args='-o UserKnownHostsFile=/dev/null -o StrictHostKeyChecking=no'\n\n[workers]\nip-172-16-10-100.ec2.internal ansible_host=172.16.10.100 # i-0cd135269e8214e87\n\n[jenkins-master]\nip-172-16-10-226.ec2.internal ansible_host=172.16.10.226 # i-08b859a5303c1a2b3\n\n\n[jenkins_slaves]\nip-172-16-10-100.ec2.internal ansible_host=172.16.10.100 # i-0cd135269e8214e87\n\n[jenkins_master]\nip-172-16-10-226.ec2.internal ansible_host=172.16.10.226 # i-08b859a5303c1a2b3\n\n[waf_server]\nip-172-16-10-227.ec2.internal ansible_host=172.16.10.227 # i-028bc40922f2ba839\n",
            "content_base64": null,
            "content_base64sha256": "ghcvP/QZrMnUBotGK1pAI+AS1OBhr7dTh7OwjK8O4V4=",
            "content_base64sha512": "SuG9M2pl7spRn4wlKWu+JUXEAUvSkTNhtJZZ0UoxXDW6XnPv+DStZeY1BYUF305IDVgWWLOCiWBeQapb5I8NxQ==",
            "content_md5": "62a46fc510c3eb5ca8d7dab5c63ac54e",
            "content_sha1": "bf92927d473f9017e051e3e8327e7f82911573e1",
            "content_sha256": "82172f3ff419acc9d4068b462b5a4023e012d4e061afb75387b3b08caf0ee15e",
            "content_sha512": "4ae1bd336a65eeca519f8c25296bbe2545c4014bd2913361b49659d14a315c35ba5e73eff834ad65e635058505df4e480d581658b38289605e41aa5be48f0dc5",
            "directory_permission": "0777",
            "file_permission": "0777",
            "filename": "./tf-output/inventory",
            "id": "bf92927d473f9017e051e3e8327e7f82911573e1",
            "sensitive_content": null,
            "source": null
          },
          "sensitive_attributes": [],
          "dependencies": [
            "aws_instance.jenkins_server",
            "aws_instance.waf_ec2",
            "aws_instance.webserver",
            "aws_key_pair.mtc_auth",
            "aws_network_interface.jenkins-interface",
            "aws_network_interface.waf-interface",
            "aws_network_interface.web-server",
            "aws_security_group.jenkins_sg",
            "aws_security_group.waf_sg",
            "aws_security_group.webserver_sg",
            "aws_subnet.webserver_subnet",
            "aws_vpc.vpc",
            "tls_private_key.rsa"
          ]
        }
      ]
    },
    {
      "mode": "managed",
      "type": "local_file",
      "name": "tf-key",
      "provider": "provider[\"registry.terraform.io/hashicorp/local\"]",
      "instances": [
        {
          "schema_version": 0,
          "attributes": {
            "content": "-----BEGIN RSA PRIVATE KEY-----\nMIIJKAIBAAKCAgEA0d87xvESTsPUJqg5Bg6olPTFd8W91Jl12QHlmgECrmLvfMeT\nVSUIAgQT1x7Hg1xFadfzEIoNZrSmyiv6Fghvx5RxpFZdlrMJWizQLkaS7OWaw8rH\nGbWJHL1rqnN56M9RN5bPgOCMp7k10ZYo9fWsSv0erl2jzS6ogJHiyAhmseHuhYBq\nsZERX6whg6j1GsE9mgRw+o4qj5AiytNgWY1xmENOWwkGFsFNBMHORnMBuNYCPWbv\nBd/guWBOzdRobpKlj9/V+jrp/viAh5jctperTsFjvSwr91iVxss9DdLkPI6QRAmz\nsqyoOmwirN0HTBuvfV6g1bXsnYtLQ8Cf1a0LU02ETUmYvDULiR2aRhOxiuNK9hQU\nPfy+VZl0O5b9HUNql5nzq9SJooEfK6Af766asLkEzOb1IeXGKJKGNbZ/13JPjokV\nUlLCA/2meEUdd75NNyHqD2zqXT970Zel97TLDG/6EwH2eoO5Fb0/RYbIEzXTzn6u\nvWJ8Esm+vqh0EYKJiU2wBC1wwR+FBgCreljz2FTyBkp3IcvbNJdFKAUiCilo0oe1\nLbNzG5vS6C3Z7ujAILqXpQVAidnDpp0i/uVwFne6rL1lIH/nB50AZuHaUZvn93TX\nI4jtXiXLgR5ExkS+3HaHy2UhxAVZQdHZKhGu3CUo/UJFa7+4FtlxuCaRBLcCAwEA\nAQKCAgBX2ZLjJrwcHlrqx5X/FBm7KG6UQUDCAm7TJLkgavXdW2qWF9BzXqnodh57\n+NVZBkHEGXIUZUVQzaPXkur/WA66Q0gCm2hXkaADkCighkgwQ7gx5urKtzOqxRuR\nYP8R1d5QX5+CefxGpP+DONDyjCDPzv6NzIKpe7NrBiYgx2t9YG6AkY2XwHq+SoZI\n32uiBGut0dgc+W+VYqc9sZduRQfczae58aAL3GRJ7npTAQcigOq1GyZIljsyPb8e\n55/DUT1eaTrfoNOcOBdNK06QXBKIR+lhIWFSC1G+wgpPhAyn0KFQ6aK/0wgkVGl7\nZJYOZLRjzT2T17AxDkK2HKaLQgEv3jQEhNyi9j/fO/xcf+S5pjrOR7WiSsmb3fBl\nxsyRalNiqXnSN7sTjkMW9fRKqLmvJmsCBJ64AXJLVEqef4Un61fPAFKBGAZclJUK\nM05mCuElQVZUvtIE/KlUc+VlNUbMW6l7ptjfkaUWr+kUNdXsT8zzm7x2lHKkAMPO\n+H104vlJ+LxE5wEHoUEuImF5zapKldQ8TV8ByZCqbiRd8WiM+V7xd9ms7bw16500\nP5MSyK5PwGOYsVhBIZHzt8m7sAqeb3m8LlKJ9Lsn0s1g9u20YUSIc4uX1xmpPoF4\nkJLMSJ+JiRz2q1NasoMBhkBBafE9IDUSkKXzxyZ1tpOLfm4CKQKCAQEA200YOi/j\nC63Ji99gGHyWQ8i0xuSkFnVoTSL3IAoN0K2uiNyEMpcv0FGYssPQNlnMOFuqNsny\nAsQ8xKdhc7h+pyX600CIHxQMujKGxqOKWVLZyNziGHtmpAbBWDXDhHLl9/oaWJek\noEnx5kXqS7cbNvG1/8emDko1r+muOh8fKJ0aAgRMXNGFzETY2BfQJI3bqlqoxajW\nzdYrUxDpDndaC+g413X5DVL+715xL8nl+e3DVoFDcCQROAsMx8hUXbWDs/6LpZxc\nfCwq1WMx5WgSWGyFobR1fJvRX6xKejxJGuZLRegu9Uzpn0Dh504Ck8iI/VZfCCHA\nJKPf1Hz9xhZpqwKCAQEA9P4xQQG7th6kWYJ0d3B6bFj0/Ye/5RKZq6Yf2D/LQJAD\n3nq80x9/2GkdX66EaXWXL/xOVipqf5e+5NruLvFFSRHohEZFMyJRmv0t4IeO0FRe\nbQQf2m5sgi8JT+kPM1b8uSM0lAOrQ99XwLEbtbQzHYbFRwODTuuU3AUgJJs9ZM/q\nzVWR6nQANJaMVB0JdnBXzMQemRJZNWi/Ls7fn1NZCmtmYk5fN4X43Be+vNIiL+ao\nUanEbPwfZwXr9xppfU1i8Ccczx6zKwjX4+gDWOZXbIiiFDJRANq5eyvd4qV1/iDG\nfL0QebRNsdzzAuk44mzmAaAuglNVVQNtoP20YHI9JQKCAQEAnlHVCMTjg93t4CXe\nSS9AiCUQpXoRIAmYx/9TK3U2rg2FMFcKtT9CjIEr3PrSiTpg3dsHUlCOgALN4Cb6\nisGJ5f/cScCPxOgDnDS36hXM3lma0pDsRUJpQkeCM710rl0IuvJ7LLQlbHaVxWl6\nETla01rCyqqGrlBS2/G3D0zCgN6SFRynSGcW0fZuGetvH8St7hlPOIuAr89LLcfK\niOAPSQNYbexEZaMiWwryac63Uayd1gix9/aB29TWYDC2/4P4VeyRQnlUp2x3a+AV\n+IkenWmTO799Bf2ztP88MWzuVhYmB4zswbjJ/Gep7wP5hllC1KoTJ1q+TXVlNREb\nYHNzywKCAQAgJhsghLG1PGAkvtG5urDV9vZvLpkn3kD8HVigb/6kAkH/t+t/aOrF\n40VPgP8vN5cXXOyKshY3mBocvf3zewW0iP0SHoaGJ0K+K+sRQ7ih7fBWLexgJY1n\np/R44AR2oDuZr9z+b1zSE0TYrGUOew8aGM1afEOG37MxDBsjsptj10TgnRIAyigc\nvoS7pPPQ7v0WicXaIGZEc/JimhMOPUm57E4LKG2mQ5Zci2EkNg72ajY8QSLdilg0\nlLpaOsUNBFKvYPKO22B3jTmHVrLZv6BJRcS/Ebs/eXRNjXwYec36AyMIy2aWEesA\nJBZfk2s7iz7Dh9mSkIzqEwEX1zMMVPFhAoIBADbP7dnEGUhEaxew/KxgP3ns0II4\nz1Keu8VPSu7njymdlEmZKEWqoklEzrbCd47y0+VdPaPYy2G+BvUEM06fA6m0Hrgg\nfM1ZlzhP5vl5q7YZSnaNobo6+wDtKQLDWrt/lVWO3WVMU5G5nP2Md41qnd1QYpXx\nOEcR6NdNVKqya4hKk9yCiSozz+D+KOX+kAFqQ8xcoUc73s7/0LPW0ZALnTE2d0Jp\nQiFA4FSKrd4HtM61ZlgGO9Cl6XgHvH88iisypGkDq0GiH5GQ0zq3EXEIb/OwNYHR\n5zzQ9FRGtfTM33INDlxWdDvV/aQ6W7EU72r54hNoPaAXs5mhN9KgcHx5wkE=\n-----END RSA PRIVATE KEY-----\n",
            "content_base64": null,
            "content_base64sha256": "tqMN10o2LzYe02NqE8za4W2drgasEkilLSqN20ASGOs=",
            "content_base64sha512": "n2FaBkyi0rM1AJol5QfjZJWX6pXj5XOrkvACSVQWT3Gtpgd+ryx8P9mlXjwKGOhjI7EE7kbouVza+WGhUHXhgA==",
            "content_md5": "0bb3629aaf89685ca7279ded9c6b3fa0",
            "content_sha1": "cfd0010c645cd58c93b42de01b82ec6eae206fbe",
            "content_sha256": "b6a30dd74a362f361ed3636a13ccdae16d9dae06ac1248a52d2a8ddb401218eb",
            "content_sha512": "9f615a064ca2d2b335009a25e507e3649597ea95e3e573ab92f0024954164f71ada6077eaf2c7c3fd9a55e3c0a18e86323b104ee46e8b95cdaf961a15075e180",
            "directory_permission": "0777",
            "file_permission": "0777",
            "filename": "dev-ansible-key.pem",
            "id": "cfd0010c645cd58c93b42de01b82ec6eae206fbe",
            "sensitive_content": null,
            "source": null
          },
          "sensitive_attributes": [
            [
              {
                "type": "get_attr",
                "value": "content"
              }
            ],
            [
              {
                "type": "get_attr",
                "value": "filename"
              }
            ]
          ],
          "dependencies": [
            "tls_private_key.rsa"
          ]
        }
      ]
    },
    {
      "mode": "managed",
      "type": "null_resource",
      "name": "copy_ansible_playbooks",
      "provider": "provider[\"registry.terraform.io/hashicorp/null\"]",
      "instances": [
        {
          "schema_version": 0,
          "attributes": {
            "id": "1588688901",
            "triggers": {
              "always_run": "2023-05-17T13:48:44Z"
            }
          },
          "sensitive_attributes": [],
          "dependencies": [
            "aws_instance.devop_administrator",
            "aws_instance.jenkins_server",
            "aws_instance.waf_ec2",
            "aws_instance.webserver",
            "aws_key_pair.mtc_auth",
            "aws_network_interface.devops_admin-interface",
            "aws_network_interface.jenkins-interface",
            "aws_network_interface.waf-interface",
            "aws_network_interface.web-server",
            "aws_security_group.administrator_sg",
            "aws_security_group.jenkins_sg",
            "aws_security_group.waf_sg",
            "aws_security_group.webserver_sg",
            "aws_subnet.webserver_subnet",
            "aws_vpc.vpc",
            "local_file.ansible_config",
            "local_file.ansible_inventory",
            "null_resource.provisioner",
            "time_sleep.wait_for_devops_init",
            "tls_private_key.rsa"
          ]
        }
      ]
    },
    {
      "mode": "managed",
      "type": "null_resource",
      "name": "provisioner",
      "provider": "provider[\"registry.terraform.io/hashicorp/null\"]",
      "instances": [
        {
          "schema_version": 0,
          "attributes": {
            "id": "265502029",
            "triggers": {
              "always_run": "2023-05-17T13:48:42Z"
            }
          },
          "sensitive_attributes": [],
          "dependencies": [
            "aws_instance.devop_administrator",
            "aws_instance.jenkins_server",
            "aws_instance.waf_ec2",
            "aws_instance.webserver",
            "aws_key_pair.mtc_auth",
            "aws_network_interface.devops_admin-interface",
            "aws_network_interface.jenkins-interface",
            "aws_network_interface.waf-interface",
            "aws_network_interface.web-server",
            "aws_security_group.administrator_sg",
            "aws_security_group.jenkins_sg",
            "aws_security_group.waf_sg",
            "aws_security_group.webserver_sg",
            "aws_subnet.webserver_subnet",
            "aws_vpc.vpc",
            "local_file.ansible_config",
            "local_file.ansible_inventory",
            "time_sleep.wait_for_devops_init",
            "tls_private_key.rsa"
          ]
        }
      ]
    },
    {
      "mode": "managed",
      "type": "null_resource",
      "name": "run_ansible",
      "provider": "provider[\"registry.terraform.io/hashicorp/null\"]",
      "instances": [
        {
          "schema_version": 0,
          "attributes": {
            "id": "610888072",
            "triggers": {
              "always_run": "2023-05-17T13:48:51Z"
            }
          },
          "sensitive_attributes": [],
          "dependencies": [
            "aws_instance.devop_administrator",
            "aws_instance.jenkins_server",
            "aws_instance.waf_ec2",
            "aws_instance.webserver",
            "aws_key_pair.mtc_auth",
            "aws_network_interface.devops_admin-interface",
            "aws_network_interface.jenkins-interface",
            "aws_network_interface.waf-interface",
            "aws_network_interface.web-server",
            "aws_security_group.administrator_sg",
            "aws_security_group.jenkins_sg",
            "aws_security_group.waf_sg",
            "aws_security_group.webserver_sg",
            "aws_subnet.webserver_subnet",
            "aws_vpc.vpc",
            "local_file.ansible_config",
            "local_file.ansible_inventory",
            "null_resource.copy_ansible_playbooks",
            "null_resource.provisioner",
            "time_sleep.wait_for_devops_init",
            "tls_private_key.rsa"
          ]
        }
      ]
    },
    {
      "mode": "managed",
      "type": "time_sleep",
      "name": "wait_for_devops_init",
      "provider": "provider[\"registry.terraform.io/hashicorp/time\"]",
      "instances": [
        {
          "schema_version": 0,
          "attributes": {
            "create_duration": "60s",
            "destroy_duration": null,
            "id": "2023-05-17T13:48:42Z",
            "triggers": {
              "always_run": "2023-05-17T13:47:42Z"
            }
          },
          "sensitive_attributes": [],
          "dependencies": [
            "aws_instance.devop_administrator",
            "aws_key_pair.mtc_auth",
            "aws_network_interface.devops_admin-interface",
            "aws_security_group.administrator_sg",
            "aws_subnet.webserver_subnet",
            "aws_vpc.vpc",
            "tls_private_key.rsa"
          ]
        }
      ]
    },
    {
      "mode": "managed",
      "type": "tls_private_key",
      "name": "rsa",
      "provider": "provider[\"registry.terraform.io/hashicorp/tls\"]",
      "instances": [
        {
          "schema_version": 1,
          "attributes": {
            "algorithm": "RSA",
            "ecdsa_curve": "P224",
            "id": "e1b0e6422ec7e0fcb4d6158a5469df23d7420112",
            "private_key_openssh": "-----BEGIN OPENSSH PRIVATE KEY-----\nb3BlbnNzaC1rZXktdjEAAAAABG5vbmUAAAAEbm9uZQAAAAAAAAABAAACFwAAAAdz\nc2gtcnNhAAAAAwEAAQAAAgEA0d87xvESTsPUJqg5Bg6olPTFd8W91Jl12QHlmgEC\nrmLvfMeTVSUIAgQT1x7Hg1xFadfzEIoNZrSmyiv6Fghvx5RxpFZdlrMJWizQLkaS\n7OWaw8rHGbWJHL1rqnN56M9RN5bPgOCMp7k10ZYo9fWsSv0erl2jzS6ogJHiyAhm\nseHuhYBqsZERX6whg6j1GsE9mgRw+o4qj5AiytNgWY1xmENOWwkGFsFNBMHORnMB\nuNYCPWbvBd/guWBOzdRobpKlj9/V+jrp/viAh5jctperTsFjvSwr91iVxss9DdLk\nPI6QRAmzsqyoOmwirN0HTBuvfV6g1bXsnYtLQ8Cf1a0LU02ETUmYvDULiR2aRhOx\niuNK9hQUPfy+VZl0O5b9HUNql5nzq9SJooEfK6Af766asLkEzOb1IeXGKJKGNbZ/\n13JPjokVUlLCA/2meEUdd75NNyHqD2zqXT970Zel97TLDG/6EwH2eoO5Fb0/RYbI\nEzXTzn6uvWJ8Esm+vqh0EYKJiU2wBC1wwR+FBgCreljz2FTyBkp3IcvbNJdFKAUi\nCilo0oe1LbNzG5vS6C3Z7ujAILqXpQVAidnDpp0i/uVwFne6rL1lIH/nB50AZuHa\nUZvn93TXI4jtXiXLgR5ExkS+3HaHy2UhxAVZQdHZKhGu3CUo/UJFa7+4FtlxuCaR\nBLcAAAc4LORNsSzkTbEAAAAHc3NoLXJzYQAAAgEA0d87xvESTsPUJqg5Bg6olPTF\nd8W91Jl12QHlmgECrmLvfMeTVSUIAgQT1x7Hg1xFadfzEIoNZrSmyiv6Fghvx5Rx\npFZdlrMJWizQLkaS7OWaw8rHGbWJHL1rqnN56M9RN5bPgOCMp7k10ZYo9fWsSv0e\nrl2jzS6ogJHiyAhmseHuhYBqsZERX6whg6j1GsE9mgRw+o4qj5AiytNgWY1xmENO\nWwkGFsFNBMHORnMBuNYCPWbvBd/guWBOzdRobpKlj9/V+jrp/viAh5jctperTsFj\nvSwr91iVxss9DdLkPI6QRAmzsqyoOmwirN0HTBuvfV6g1bXsnYtLQ8Cf1a0LU02E\nTUmYvDULiR2aRhOxiuNK9hQUPfy+VZl0O5b9HUNql5nzq9SJooEfK6Af766asLkE\nzOb1IeXGKJKGNbZ/13JPjokVUlLCA/2meEUdd75NNyHqD2zqXT970Zel97TLDG/6\nEwH2eoO5Fb0/RYbIEzXTzn6uvWJ8Esm+vqh0EYKJiU2wBC1wwR+FBgCreljz2FTy\nBkp3IcvbNJdFKAUiCilo0oe1LbNzG5vS6C3Z7ujAILqXpQVAidnDpp0i/uVwFne6\nrL1lIH/nB50AZuHaUZvn93TXI4jtXiXLgR5ExkS+3HaHy2UhxAVZQdHZKhGu3CUo\n/UJFa7+4FtlxuCaRBLcAAAADAQABAAACAFfZkuMmvBweWurHlf8UGbsobpRBQMIC\nbtMkuSBq9d1bapYX0HNeqeh2Hnv41VkGQcQZchRlRVDNo9eS6v9YDrpDSAKbaFeR\noAOQKKCGSDBDuDHm6sq3M6rFG5Fg/xHV3lBfn4J5/Eak/4M40PKMIM/O/o3Mgql7\ns2sGJiDHa31gboCRjZfAer5Khkjfa6IEa63R2Bz5b5Vipz2xl25FB9zNp7nxoAvc\nZEnuelMBByKA6rUbJkiWOzI9vx7nn8NRPV5pOt+g05w4F00rTpBcEohH6WEhYVIL\nUb7CCk+EDKfQoVDpor/TCCRUaXtklg5ktGPNPZPXsDEOQrYcpotCAS/eNASE3KL2\nP987/Fx/5LmmOs5HtaJKyZvd8GXGzJFqU2KpedI3uxOOQxb19Eqoua8mawIEnrgB\ncktUSp5/hSfrV88AUoEYBlyUlQozTmYK4SVBVlS+0gT8qVRz5WU1RsxbqXum2N+R\npRav6RQ11exPzPObvHaUcqQAw874fXTi+Un4vETnAQehQS4iYXnNqkqV1DxNXwHJ\nkKpuJF3xaIz5XvF32aztvDXrnTQ/kxLIrk/AY5ixWEEhkfO3ybuwCp5vebwuUon0\nuyfSzWD27bRhRIhzi5fXGak+gXiQksxIn4mJHParU1qygwGGQEFp8T0gNRKQpfPH\nJnW2k4t+bgIpAAABADbP7dnEGUhEaxew/KxgP3ns0II4z1Keu8VPSu7njymdlEmZ\nKEWqoklEzrbCd47y0+VdPaPYy2G+BvUEM06fA6m0HrggfM1ZlzhP5vl5q7YZSnaN\nobo6+wDtKQLDWrt/lVWO3WVMU5G5nP2Md41qnd1QYpXxOEcR6NdNVKqya4hKk9yC\niSozz+D+KOX+kAFqQ8xcoUc73s7/0LPW0ZALnTE2d0JpQiFA4FSKrd4HtM61ZlgG\nO9Cl6XgHvH88iisypGkDq0GiH5GQ0zq3EXEIb/OwNYHR5zzQ9FRGtfTM33INDlxW\ndDvV/aQ6W7EU72r54hNoPaAXs5mhN9KgcHx5wkEAAAEBANtNGDov4wutyYvfYBh8\nlkPItMbkpBZ1aE0i9yAKDdCtrojchDKXL9BRmLLD0DZZzDhbqjbJ8gLEPMSnYXO4\nfqcl+tNAiB8UDLoyhsajillS2cjc4hh7ZqQGwVg1w4Ry5ff6GliXpKBJ8eZF6ku3\nGzbxtf/Hpg5KNa/prjofHyidGgIETFzRhcxE2NgX0CSN26paqMWo1s3WK1MQ6Q53\nWgvoONd1+Q1S/u9ecS/J5fntw1aBQ3AkETgLDMfIVF21g7P+i6WcXHwsKtVjMeVo\nElhshaG0dXyb0V+sSno8SRrmS0XoLvVM6Z9A4edOApPIiP1WXwghwCSj39R8/cYW\naasAAAEBAPT+MUEBu7YepFmCdHdwemxY9P2Hv+USmaumH9g/y0CQA956vNMff9hp\nHV+uhGl1ly/8TlYqan+XvuTa7i7xRUkR6IRGRTMiUZr9LeCHjtBUXm0EH9pubIIv\nCU/pDzNW/LkjNJQDq0PfV8CxG7W0Mx2GxUcDg07rlNwFICSbPWTP6s1Vkep0ADSW\njFQdCXZwV8zEHpkSWTVovy7O359TWQprZmJOXzeF+NwXvrzSIi/mqFGpxGz8H2cF\n6/caaX1NYvAnHM8esysI1+PoA1jmV2yIohQyUQDauXsr3eKldf4gxny9EHm0TbHc\n8wLpOOJs5gGgLoJTVVUDbaD9tGByPSUAAAAAAQID\n-----END OPENSSH PRIVATE KEY-----\n",
            "private_key_pem": "-----BEGIN RSA PRIVATE KEY-----\nMIIJKAIBAAKCAgEA0d87xvESTsPUJqg5Bg6olPTFd8W91Jl12QHlmgECrmLvfMeT\nVSUIAgQT1x7Hg1xFadfzEIoNZrSmyiv6Fghvx5RxpFZdlrMJWizQLkaS7OWaw8rH\nGbWJHL1rqnN56M9RN5bPgOCMp7k10ZYo9fWsSv0erl2jzS6ogJHiyAhmseHuhYBq\nsZERX6whg6j1GsE9mgRw+o4qj5AiytNgWY1xmENOWwkGFsFNBMHORnMBuNYCPWbv\nBd/guWBOzdRobpKlj9/V+jrp/viAh5jctperTsFjvSwr91iVxss9DdLkPI6QRAmz\nsqyoOmwirN0HTBuvfV6g1bXsnYtLQ8Cf1a0LU02ETUmYvDULiR2aRhOxiuNK9hQU\nPfy+VZl0O5b9HUNql5nzq9SJooEfK6Af766asLkEzOb1IeXGKJKGNbZ/13JPjokV\nUlLCA/2meEUdd75NNyHqD2zqXT970Zel97TLDG/6EwH2eoO5Fb0/RYbIEzXTzn6u\nvWJ8Esm+vqh0EYKJiU2wBC1wwR+FBgCreljz2FTyBkp3IcvbNJdFKAUiCilo0oe1\nLbNzG5vS6C3Z7ujAILqXpQVAidnDpp0i/uVwFne6rL1lIH/nB50AZuHaUZvn93TX\nI4jtXiXLgR5ExkS+3HaHy2UhxAVZQdHZKhGu3CUo/UJFa7+4FtlxuCaRBLcCAwEA\nAQKCAgBX2ZLjJrwcHlrqx5X/FBm7KG6UQUDCAm7TJLkgavXdW2qWF9BzXqnodh57\n+NVZBkHEGXIUZUVQzaPXkur/WA66Q0gCm2hXkaADkCighkgwQ7gx5urKtzOqxRuR\nYP8R1d5QX5+CefxGpP+DONDyjCDPzv6NzIKpe7NrBiYgx2t9YG6AkY2XwHq+SoZI\n32uiBGut0dgc+W+VYqc9sZduRQfczae58aAL3GRJ7npTAQcigOq1GyZIljsyPb8e\n55/DUT1eaTrfoNOcOBdNK06QXBKIR+lhIWFSC1G+wgpPhAyn0KFQ6aK/0wgkVGl7\nZJYOZLRjzT2T17AxDkK2HKaLQgEv3jQEhNyi9j/fO/xcf+S5pjrOR7WiSsmb3fBl\nxsyRalNiqXnSN7sTjkMW9fRKqLmvJmsCBJ64AXJLVEqef4Un61fPAFKBGAZclJUK\nM05mCuElQVZUvtIE/KlUc+VlNUbMW6l7ptjfkaUWr+kUNdXsT8zzm7x2lHKkAMPO\n+H104vlJ+LxE5wEHoUEuImF5zapKldQ8TV8ByZCqbiRd8WiM+V7xd9ms7bw16500\nP5MSyK5PwGOYsVhBIZHzt8m7sAqeb3m8LlKJ9Lsn0s1g9u20YUSIc4uX1xmpPoF4\nkJLMSJ+JiRz2q1NasoMBhkBBafE9IDUSkKXzxyZ1tpOLfm4CKQKCAQEA200YOi/j\nC63Ji99gGHyWQ8i0xuSkFnVoTSL3IAoN0K2uiNyEMpcv0FGYssPQNlnMOFuqNsny\nAsQ8xKdhc7h+pyX600CIHxQMujKGxqOKWVLZyNziGHtmpAbBWDXDhHLl9/oaWJek\noEnx5kXqS7cbNvG1/8emDko1r+muOh8fKJ0aAgRMXNGFzETY2BfQJI3bqlqoxajW\nzdYrUxDpDndaC+g413X5DVL+715xL8nl+e3DVoFDcCQROAsMx8hUXbWDs/6LpZxc\nfCwq1WMx5WgSWGyFobR1fJvRX6xKejxJGuZLRegu9Uzpn0Dh504Ck8iI/VZfCCHA\nJKPf1Hz9xhZpqwKCAQEA9P4xQQG7th6kWYJ0d3B6bFj0/Ye/5RKZq6Yf2D/LQJAD\n3nq80x9/2GkdX66EaXWXL/xOVipqf5e+5NruLvFFSRHohEZFMyJRmv0t4IeO0FRe\nbQQf2m5sgi8JT+kPM1b8uSM0lAOrQ99XwLEbtbQzHYbFRwODTuuU3AUgJJs9ZM/q\nzVWR6nQANJaMVB0JdnBXzMQemRJZNWi/Ls7fn1NZCmtmYk5fN4X43Be+vNIiL+ao\nUanEbPwfZwXr9xppfU1i8Ccczx6zKwjX4+gDWOZXbIiiFDJRANq5eyvd4qV1/iDG\nfL0QebRNsdzzAuk44mzmAaAuglNVVQNtoP20YHI9JQKCAQEAnlHVCMTjg93t4CXe\nSS9AiCUQpXoRIAmYx/9TK3U2rg2FMFcKtT9CjIEr3PrSiTpg3dsHUlCOgALN4Cb6\nisGJ5f/cScCPxOgDnDS36hXM3lma0pDsRUJpQkeCM710rl0IuvJ7LLQlbHaVxWl6\nETla01rCyqqGrlBS2/G3D0zCgN6SFRynSGcW0fZuGetvH8St7hlPOIuAr89LLcfK\niOAPSQNYbexEZaMiWwryac63Uayd1gix9/aB29TWYDC2/4P4VeyRQnlUp2x3a+AV\n+IkenWmTO799Bf2ztP88MWzuVhYmB4zswbjJ/Gep7wP5hllC1KoTJ1q+TXVlNREb\nYHNzywKCAQAgJhsghLG1PGAkvtG5urDV9vZvLpkn3kD8HVigb/6kAkH/t+t/aOrF\n40VPgP8vN5cXXOyKshY3mBocvf3zewW0iP0SHoaGJ0K+K+sRQ7ih7fBWLexgJY1n\np/R44AR2oDuZr9z+b1zSE0TYrGUOew8aGM1afEOG37MxDBsjsptj10TgnRIAyigc\nvoS7pPPQ7v0WicXaIGZEc/JimhMOPUm57E4LKG2mQ5Zci2EkNg72ajY8QSLdilg0\nlLpaOsUNBFKvYPKO22B3jTmHVrLZv6BJRcS/Ebs/eXRNjXwYec36AyMIy2aWEesA\nJBZfk2s7iz7Dh9mSkIzqEwEX1zMMVPFhAoIBADbP7dnEGUhEaxew/KxgP3ns0II4\nz1Keu8VPSu7njymdlEmZKEWqoklEzrbCd47y0+VdPaPYy2G+BvUEM06fA6m0Hrgg\nfM1ZlzhP5vl5q7YZSnaNobo6+wDtKQLDWrt/lVWO3WVMU5G5nP2Md41qnd1QYpXx\nOEcR6NdNVKqya4hKk9yCiSozz+D+KOX+kAFqQ8xcoUc73s7/0LPW0ZALnTE2d0Jp\nQiFA4FSKrd4HtM61ZlgGO9Cl6XgHvH88iisypGkDq0GiH5GQ0zq3EXEIb/OwNYHR\n5zzQ9FRGtfTM33INDlxWdDvV/aQ6W7EU72r54hNoPaAXs5mhN9KgcHx5wkE=\n-----END RSA PRIVATE KEY-----\n",
            "private_key_pem_pkcs8": "-----BEGIN PRIVATE KEY-----\nMIIJQgIBADANBgkqhkiG9w0BAQEFAASCCSwwggkoAgEAAoICAQDR3zvG8RJOw9Qm\nqDkGDqiU9MV3xb3UmXXZAeWaAQKuYu98x5NVJQgCBBPXHseDXEVp1/MQig1mtKbK\nK/oWCG/HlHGkVl2WswlaLNAuRpLs5ZrDyscZtYkcvWuqc3noz1E3ls+A4IynuTXR\nlij19axK/R6uXaPNLqiAkeLICGax4e6FgGqxkRFfrCGDqPUawT2aBHD6jiqPkCLK\n02BZjXGYQ05bCQYWwU0Ewc5GcwG41gI9Zu8F3+C5YE7N1GhukqWP39X6Oun++ICH\nmNy2l6tOwWO9LCv3WJXGyz0N0uQ8jpBECbOyrKg6bCKs3QdMG699XqDVteydi0tD\nwJ/VrQtTTYRNSZi8NQuJHZpGE7GK40r2FBQ9/L5VmXQ7lv0dQ2qXmfOr1ImigR8r\noB/vrpqwuQTM5vUh5cYokoY1tn/Xck+OiRVSUsID/aZ4RR13vk03IeoPbOpdP3vR\nl6X3tMsMb/oTAfZ6g7kVvT9FhsgTNdPOfq69YnwSyb6+qHQRgomJTbAELXDBH4UG\nAKt6WPPYVPIGSnchy9s0l0UoBSIKKWjSh7Uts3Mbm9LoLdnu6MAgupelBUCJ2cOm\nnSL+5XAWd7qsvWUgf+cHnQBm4dpRm+f3dNcjiO1eJcuBHkTGRL7cdofLZSHEBVlB\n0dkqEa7cJSj9QkVrv7gW2XG4JpEEtwIDAQABAoICAFfZkuMmvBweWurHlf8UGbso\nbpRBQMICbtMkuSBq9d1bapYX0HNeqeh2Hnv41VkGQcQZchRlRVDNo9eS6v9YDrpD\nSAKbaFeRoAOQKKCGSDBDuDHm6sq3M6rFG5Fg/xHV3lBfn4J5/Eak/4M40PKMIM/O\n/o3Mgql7s2sGJiDHa31gboCRjZfAer5Khkjfa6IEa63R2Bz5b5Vipz2xl25FB9zN\np7nxoAvcZEnuelMBByKA6rUbJkiWOzI9vx7nn8NRPV5pOt+g05w4F00rTpBcEohH\n6WEhYVILUb7CCk+EDKfQoVDpor/TCCRUaXtklg5ktGPNPZPXsDEOQrYcpotCAS/e\nNASE3KL2P987/Fx/5LmmOs5HtaJKyZvd8GXGzJFqU2KpedI3uxOOQxb19Eqoua8m\nawIEnrgBcktUSp5/hSfrV88AUoEYBlyUlQozTmYK4SVBVlS+0gT8qVRz5WU1Rsxb\nqXum2N+RpRav6RQ11exPzPObvHaUcqQAw874fXTi+Un4vETnAQehQS4iYXnNqkqV\n1DxNXwHJkKpuJF3xaIz5XvF32aztvDXrnTQ/kxLIrk/AY5ixWEEhkfO3ybuwCp5v\nebwuUon0uyfSzWD27bRhRIhzi5fXGak+gXiQksxIn4mJHParU1qygwGGQEFp8T0g\nNRKQpfPHJnW2k4t+bgIpAoIBAQDbTRg6L+MLrcmL32AYfJZDyLTG5KQWdWhNIvcg\nCg3Qra6I3IQyly/QUZiyw9A2Wcw4W6o2yfICxDzEp2FzuH6nJfrTQIgfFAy6MobG\no4pZUtnI3OIYe2akBsFYNcOEcuX3+hpYl6SgSfHmRepLtxs28bX/x6YOSjWv6a46\nHx8onRoCBExc0YXMRNjYF9AkjduqWqjFqNbN1itTEOkOd1oL6DjXdfkNUv7vXnEv\nyeX57cNWgUNwJBE4CwzHyFRdtYOz/oulnFx8LCrVYzHlaBJYbIWhtHV8m9FfrEp6\nPEka5ktF6C71TOmfQOHnTgKTyIj9Vl8IIcAko9/UfP3GFmmrAoIBAQD0/jFBAbu2\nHqRZgnR3cHpsWPT9h7/lEpmrph/YP8tAkAPeerzTH3/YaR1froRpdZcv/E5WKmp/\nl77k2u4u8UVJEeiERkUzIlGa/S3gh47QVF5tBB/abmyCLwlP6Q8zVvy5IzSUA6tD\n31fAsRu1tDMdhsVHA4NO65TcBSAkmz1kz+rNVZHqdAA0loxUHQl2cFfMxB6ZElk1\naL8uzt+fU1kKa2ZiTl83hfjcF7680iIv5qhRqcRs/B9nBev3Gml9TWLwJxzPHrMr\nCNfj6ANY5ldsiKIUMlEA2rl7K93ipXX+IMZ8vRB5tE2x3PMC6TjibOYBoC6CU1VV\nA22g/bRgcj0lAoIBAQCeUdUIxOOD3e3gJd5JL0CIJRClehEgCZjH/1MrdTauDYUw\nVwq1P0KMgSvc+tKJOmDd2wdSUI6AAs3gJvqKwYnl/9xJwI/E6AOcNLfqFczeWZrS\nkOxFQmlCR4IzvXSuXQi68nsstCVsdpXFaXoROVrTWsLKqoauUFLb8bcPTMKA3pIV\nHKdIZxbR9m4Z628fxK3uGU84i4Cvz0stx8qI4A9JA1ht7ERloyJbCvJpzrdRrJ3W\nCLH39oHb1NZgMLb/g/hV7JFCeVSnbHdr4BX4iR6daZM7v30F/bO0/zwxbO5WFiYH\njOzBuMn8Z6nvA/mGWULUqhMnWr5NdWU1ERtgc3PLAoIBACAmGyCEsbU8YCS+0bm6\nsNX29m8umSfeQPwdWKBv/qQCQf+3639o6sXjRU+A/y83lxdc7IqyFjeYGhy9/fN7\nBbSI/RIehoYnQr4r6xFDuKHt8FYt7GAljWen9HjgBHagO5mv3P5vXNITRNisZQ57\nDxoYzVp8Q4bfszEMGyOym2PXROCdEgDKKBy+hLuk89Du/RaJxdogZkRz8mKaEw49\nSbnsTgsobaZDllyLYSQ2DvZqNjxBIt2KWDSUulo6xQ0EUq9g8o7bYHeNOYdWstm/\noElFxL8Ruz95dE2NfBh5zfoDIwjLZpYR6wAkFl+TazuLPsOH2ZKQjOoTARfXMwxU\n8WECggEANs/t2cQZSERrF7D8rGA/eezQgjjPUp67xU9K7uePKZ2USZkoRaqiSUTO\ntsJ3jvLT5V09o9jLYb4G9QQzTp8DqbQeuCB8zVmXOE/m+XmrthlKdo2hujr7AO0p\nAsNau3+VVY7dZUxTkbmc/Yx3jWqd3VBilfE4RxHo101UqrJriEqT3IKJKjPP4P4o\n5f6QAWpDzFyhRzvezv/Qs9bRkAudMTZ3QmlCIUDgVIqt3ge0zrVmWAY70KXpeAe8\nfzyKKzKkaQOrQaIfkZDTOrcRcQhv87A1gdHnPND0VEa19Mzfcg0OXFZ0O9X9pDpb\nsRTvavniE2g9oBezmaE30qBwfHnCQQ==\n-----END PRIVATE KEY-----\n",
            "public_key_fingerprint_md5": "a4:f2:35:58:7e:d6:48:da:22:29:3f:ac:2d:3f:c2:b7",
            "public_key_fingerprint_sha256": "SHA256:0DRRZkDl344wWfzcED1NEenz9a3/tdWfqbgjtCMuovU",
            "public_key_openssh": "ssh-rsa AAAAB3NzaC1yc2EAAAADAQABAAACAQDR3zvG8RJOw9QmqDkGDqiU9MV3xb3UmXXZAeWaAQKuYu98x5NVJQgCBBPXHseDXEVp1/MQig1mtKbKK/oWCG/HlHGkVl2WswlaLNAuRpLs5ZrDyscZtYkcvWuqc3noz1E3ls+A4IynuTXRlij19axK/R6uXaPNLqiAkeLICGax4e6FgGqxkRFfrCGDqPUawT2aBHD6jiqPkCLK02BZjXGYQ05bCQYWwU0Ewc5GcwG41gI9Zu8F3+C5YE7N1GhukqWP39X6Oun++ICHmNy2l6tOwWO9LCv3WJXGyz0N0uQ8jpBECbOyrKg6bCKs3QdMG699XqDVteydi0tDwJ/VrQtTTYRNSZi8NQuJHZpGE7GK40r2FBQ9/L5VmXQ7lv0dQ2qXmfOr1ImigR8roB/vrpqwuQTM5vUh5cYokoY1tn/Xck+OiRVSUsID/aZ4RR13vk03IeoPbOpdP3vRl6X3tMsMb/oTAfZ6g7kVvT9FhsgTNdPOfq69YnwSyb6+qHQRgomJTbAELXDBH4UGAKt6WPPYVPIGSnchy9s0l0UoBSIKKWjSh7Uts3Mbm9LoLdnu6MAgupelBUCJ2cOmnSL+5XAWd7qsvWUgf+cHnQBm4dpRm+f3dNcjiO1eJcuBHkTGRL7cdofLZSHEBVlB0dkqEa7cJSj9QkVrv7gW2XG4JpEEtw==\n",
            "public_key_pem": "-----BEGIN PUBLIC KEY-----\nMIICIjANBgkqhkiG9w0BAQEFAAOCAg8AMIICCgKCAgEA0d87xvESTsPUJqg5Bg6o\nlPTFd8W91Jl12QHlmgECrmLvfMeTVSUIAgQT1x7Hg1xFadfzEIoNZrSmyiv6Fghv\nx5RxpFZdlrMJWizQLkaS7OWaw8rHGbWJHL1rqnN56M9RN5bPgOCMp7k10ZYo9fWs\nSv0erl2jzS6ogJHiyAhmseHuhYBqsZERX6whg6j1GsE9mgRw+o4qj5AiytNgWY1x\nmENOWwkGFsFNBMHORnMBuNYCPWbvBd/guWBOzdRobpKlj9/V+jrp/viAh5jctper\nTsFjvSwr91iVxss9DdLkPI6QRAmzsqyoOmwirN0HTBuvfV6g1bXsnYtLQ8Cf1a0L\nU02ETUmYvDULiR2aRhOxiuNK9hQUPfy+VZl0O5b9HUNql5nzq9SJooEfK6Af766a\nsLkEzOb1IeXGKJKGNbZ/13JPjokVUlLCA/2meEUdd75NNyHqD2zqXT970Zel97TL\nDG/6EwH2eoO5Fb0/RYbIEzXTzn6uvWJ8Esm+vqh0EYKJiU2wBC1wwR+FBgCreljz\n2FTyBkp3IcvbNJdFKAUiCilo0oe1LbNzG5vS6C3Z7ujAILqXpQVAidnDpp0i/uVw\nFne6rL1lIH/nB50AZuHaUZvn93TXI4jtXiXLgR5ExkS+3HaHy2UhxAVZQdHZKhGu\n3CUo/UJFa7+4FtlxuCaRBLcCAwEAAQ==\n-----END PUBLIC KEY-----\n",
            "rsa_bits": 4096
          },
          "sensitive_attributes": []
        }
      ]
    }
  ],
  "check_results": null
}
